# @generated by Move, please check-in and do not edit manually.

[move]
version = 2
manifest_digest = "4604E58DFE09405D5359B8838C5BEDCDDE129D991C295A77B357FA339370F798"
deps_digest = "F8BBB0CCB2491CA29A3DF03D6F92277A4F3574266507ACD77214D37ECA3F3082"
dependencies = [
  { name = "Sui" },
]

[[move.package]]
name = "MoveStdlib"
source = { git = "https://github.com/MystenLabs/sui.git", rev = "framework/testnet", subdir = "crates/sui-framework/packages/move-stdlib" }

[[move.package]]
name = "Sui"
source = { git = "https://github.com/MystenLabs/sui.git", rev = "framework/testnet", subdir = "crates/sui-framework/packages/sui-framework" }

dependencies = [
  { name = "MoveStdlib" },
]

[move.toolchain-version]
compiler-version = "1.23.0"
edition = "2024.beta"
flavor = "sui"

[env]

[env.testnet]
chain-id = "4c78adac"
original-published-id = "0x9e0d14dc52ef7f2bede2ad09e270693b4c8a7a70935bfa6fdaa675cde71eb523"
latest-published-id = "0x9e0d14dc52ef7f2bede2ad09e270693b4c8a7a70935bfa6fdaa675cde71eb523"
published-version = "1"
